
Microsoft Visual Studio Solution File, Format Version 12.00
# Visual Studio Version 16
VisualStudioVersion = 16.0.31019.35
MinimumVisualStudioVersion = 10.0.40219.1
Project("{FAE04EC0-301F-11D3-BF4B-00C04F79EFBC}") = "CrestronDevices", "CrestronDevices.csproj", "{F780530D-D3B0-44E1-862B-F8BE61E9F008}"
EndProject
Global
	GlobalSection(SolutionConfigurationPlatforms) = preSolution
		Debug|Any CPU = Debug|Any CPU
		Release|Any CPU = Release|Any CPU
	EndGlobalSection
	GlobalSection(ProjectConfigurationPlatforms) = postSolution
		{F780530D-D3B0-44E1-862B-F8BE61E9F008}.Debug|Any CPU.ActiveCfg = Debug|Any CPU
		{F780530D-D3B0-44E1-862B-F8BE61E9F008}.Debug|Any CPU.Build.0 = Debug|Any CPU
		{F780530D-D3B0-44E1-862B-F8BE61E9F008}.Release|Any CPU.ActiveCfg = Release|Any CPU
		{F780530D-D3B0-44E1-862B-F8BE61E9F008}.Release|Any CPU.Build.0 = Release|Any CPU
	EndGlobalSection
	GlobalSection(SolutionProperties) = preSolution
		HideSolutionNode = FALSE
	EndGlobalSection
	GlobalSection(ExtensibilityGlobals) = postSolution
		SolutionGuid = {988538A3-39A6-4A9F-ACB3-9F8DA71D2683}
	EndGlobalSection
EndGlobal
